<?xml version="1.0" encoding="utf-8"?>
<Project ToolsVersion="4.0" xmlns="http://schemas.microsoft.com/developer/msbuild/2003">
  <ItemGroup>
    <Filter Include="Source Files">
      <UniqueIdentifier>{4FC737F1-C7A5-4376-A066-2A32D752A2FF}</UniqueIdentifier>
      <Extensions>cpp;c;cc;cxx;def;odl;idl;hpj;bat;asm;asmx</Extensions>
    </Filter>
    <Filter Include="Header Files">
      <UniqueIdentifier>{93995380-89BD-4b04-88EB-625FBE52EBFB}</UniqueIdentifier>
      <Extensions>h;hpp;hxx;hm;inl;inc;xsd</Extensions>
    </Filter>
    <Filter Include="Source Files\gameObjects">
      <UniqueIdentifier>{12353540-ebb2-4db9-afff-b40c51fba854}</UniqueIdentifier>
    </Filter>
  </ItemGroup>
  <ItemGroup>
    <ClInclude Include="include\Critter.h">
      <Filter>Header Files</Filter>
    </ClInclude>
    <ClInclude Include="include\CritterFactory.h">
      <Filter>Header Files</Filter>
    </ClInclude>
    <ClInclude Include="include\Cat.h">
      <Filter>Header Files</Filter>
    </ClInclude>
    <ClInclude Include="include\Werecat.h">
      <Filter>Header Files</Filter>
    </ClInclude>
    <ClInclude Include="include\Dog.h">
      <Filter>Header Files</Filter>
    </ClInclude>
    <ClInclude Include="include\Werewolf.h">
      <Filter>Header Files</Filter>
    </ClInclude>
    <ClInclude Include="include\CritterWave.h">
      <Filter>Header Files</Filter>
    </ClInclude>
    <ClInclude Include="include\Map.h">
      <Filter>Header Files</Filter>
    </ClInclude>
    <ClInclude Include="include\Player.h">
      <Filter>Header Files</Filter>
    </ClInclude>
  </ItemGroup>
  <ItemGroup>
    <ClCompile Include="src\gameObjects\Critter.cpp">
      <Filter>Source Files\gameObjects</Filter>
    </ClCompile>
    <ClCompile Include="src\gameObjects\CritterFactory.cpp">
      <Filter>Source Files\gameObjects</Filter>
    </ClCompile>
    <ClCompile Include="src\Driver.cpp">
      <Filter>Source Files</Filter>
    </ClCompile>
    <ClCompile Include="src\gameObjects\Cat.cpp">
      <Filter>Source Files\gameObjects</Filter>
    </ClCompile>
    <ClCompile Include="src\gameObjects\Dog.cpp">
      <Filter>Source Files\gameObjects</Filter>
    </ClCompile>
    <ClCompile Include="src\gameObjects\Werecat.cpp">
      <Filter>Source Files\gameObjects</Filter>
    </ClCompile>
    <ClCompile Include="src\gameObjects\Werewolf.cpp">
      <Filter>Source Files\gameObjects</Filter>
    </ClCompile>
    <ClCompile Include="src\gameObjects\CritterWave.cpp">
      <Filter>Source Files\gameObjects</Filter>
    </ClCompile>
  </ItemGroup>
</Project>